
Microsoft Visual Studio Solution File, Format Version 12.00
# Visual Studio 15
VisualStudioVersion = 15.0.26228.10
MinimumVisualStudioVersion = 10.0.40219.1
Project("{8BC9CEB8-8B4A-11D0-8D11-00A0C91BC942}") = "Calculator", "Calculator\Calculator.vcxproj", "{DA4501D2-9ABF-4219-9693-64A45A6F7D05}"
EndProject
Global
	GlobalSection(SolutionConfigurationPlatforms) = preSolution
		Debug|x64 = Debug|x64
		Debug|x86 = Debug|x86
		Release|x64 = Release|x64
		Release|x86 = Release|x86
	EndGlobalSection
	GlobalSection(ProjectConfigurationPlatforms) = postSolution
		{DA4501D2-9ABF-4219-9693-64A45A6F7D05}.Debug|x64.ActiveCfg = Debug|x64
		{DA4501D2-9ABF-4219-9693-64A45A6F7D05}.Debug|x64.Build.0 = Debug|x64
		{DA4501D2-9ABF-4219-9693-64A45A6F7D05}.Debug|x86.ActiveCfg = Debug|Win32
		{DA4501D2-9ABF-4219-9693-64A45A6F7D05}.Debug|x86.Build.0 = Debug|Win32
		{DA4501D2-9ABF-4219-9693-64A45A6F7D05}.Release|x64.ActiveCfg = Release|x64
		{DA4501D2-9ABF-4219-9693-64A45A6F7D05}.Release|x64.Build.0 = Release|x64
		{DA4501D2-9ABF-4219-9693-64A45A6F7D05}.Release|x86.ActiveCfg = Release|Win32
		{DA4501D2-9ABF-4219-9693-64A45A6F7D05}.Release|x86.Build.0 = Release|Win32
	EndGlobalSection
	GlobalSection(SolutionProperties) = preSolution
		HideSolutionNode = FALSE
	EndGlobalSection
EndGlobal
